
Microsoft Visual Studio Solution File, Format Version 12.00
# Visual Studio Version 17
VisualStudioVersion = 17.7.34024.191
MinimumVisualStudioVersion = 10.0.40219.1
Project("{FAE04EC0-301F-11D3-BF4B-00C04F79EFBC}") = "SimpleApp1", "SimpleApp1.csproj", "{68941F08-4D31-4663-9344-5D509C4CB191}"
EndProject
Global
	GlobalSection(SolutionConfigurationPlatforms) = preSolution
		Debug|Any CPU = Debug|Any CPU
		Release|Any CPU = Release|Any CPU
	EndGlobalSection
	GlobalSection(ProjectConfigurationPlatforms) = postSolution
		{68941F08-4D31-4663-9344-5D509C4CB191}.Debug|Any CPU.ActiveCfg = Debug|Any CPU
		{68941F08-4D31-4663-9344-5D509C4CB191}.Debug|Any CPU.Build.0 = Debug|Any CPU
		{68941F08-4D31-4663-9344-5D509C4CB191}.Release|Any CPU.ActiveCfg = Release|Any CPU
		{68941F08-4D31-4663-9344-5D509C4CB191}.Release|Any CPU.Build.0 = Release|Any CPU
	EndGlobalSection
	GlobalSection(SolutionProperties) = preSolution
		HideSolutionNode = FALSE
	EndGlobalSection
	GlobalSection(ExtensibilityGlobals) = postSolution
		SolutionGuid = {BFB7CE12-335B-4494-BC39-D49698142257}
	EndGlobalSection
EndGlobal
